{
  "pins" : [
    {
      "identity" : "anycodable",
      "kind" : "remoteSourceControl",
      "location" : "https://github.com/Flight-School/AnyCodable",
      "state" : {
        "revision" : "862808b2070cd908cb04f9aafe7de83d35f81b05",
        "version" : "0.6.7"
      }
    },
    {
      "identity" : "blindsaltspeke",
      "kind" : "remoteSourceControl",
      "location" : "https://gitlab.futo.org/cvwright/BlindSaltSpeke.git",
      "state" : {
        "branch" : "master",
        "revision" : "04af51b5f7d5a7c337d9bc6a9c8700d9d85e79dd"
      }
    },
    {
      "identity" : "cbsspeke",
      "kind" : "remoteSourceControl",
      "location" : "https://gitlab.futo.org/cvwright/Cbsspeke.git",
      "state" : {
        "revision" : "1194871da9e21b0a0e3d0757ad6f7e08745fd176",
        "version" : "0.3.0"
      }
    },
    {
      "identity" : "grdb.swift",
      "kind" : "remoteSourceControl",
      "location" : "https://github.com/groue/GRDB.swift.git",
      "state" : {
        "revision" : "dd7e7f39e8e4d7a22d258d9809a882f914690b01",
        "version" : "5.26.1"
      }
    },
    {
      "identity" : "matrixsdkcrypto",
      "kind" : "remoteSourceControl",
      "location" : "https://gitlab.futo.org/circles/MatrixSDKCrypto.git",
      "state" : {
        "branch" : "main",
        "revision" : "acd8aa70eb7c831d78d602ba65c0b326ca308310"
      }
    },
    {
      "identity" : "sqlite.swift",
      "kind" : "remoteSourceControl",
      "location" : "https://github.com/stephencelis/SQLite.swift.git",
      "state" : {
        "revision" : "7a2e3cd27de56f6d396e84f63beefd0267b55ccb",
        "version" : "0.14.1"
      }
    },
    {
      "identity" : "yams",
      "kind" : "remoteSourceControl",
      "location" : "https://github.com/jpsim/Yams.git",
      "state" : {
        "revision" : "01835dc202670b5bb90d07f3eae41867e9ed29f6",
        "version" : "5.0.1"
      }
    }
  ],
  "version" : 2
}
